{
  "requires": true,
  "lockfileVersion": 1,
  "dependencies": {
    "js-md5": {
      "version": "0.7.3",
      "resolved": "https://registry.npm.taobao.org/js-md5/download/js-md5-0.7.3.tgz?cache=0&other_urls=https%3A%2F%2Fregistry.npm.taobao.org%2Fjs-md5%2Fdownload%2Fjs-md5-0.7.3.tgz",
      "integrity": "sha1-tPL7sLMnRV9ZjWcn447Ccs0Jw/I="
    },
    "qs": {
      "version": "6.9.0",
      "resolved": "https://registry.npm.taobao.org/qs/download/qs-6.9.0.tgz?cache=0&sync_timestamp=1569207136481&other_urls=https%3A%2F%2Fregistry.npm.taobao.org%2Fqs%2Fdownload%2Fqs-6.9.0.tgz",
      "integrity": "sha1-0Sl+KgScUxGctJzKNmrbusyAtAk="
    }
  }
}
